// !$*UTF8*$!
{
	archiveVersion = 1;
	classes = {
	};
	objectVersion = 77;
	objects = {

/* Begin PBXBuildFile section */
		8F52F66C2EADD61C00E44284 /* icon.icon in Resources */ = {isa = PBXBuildFile; fileRef = 8F52F66B2EADD61C00E44284 /* icon.icon */; };
		8FA38CB12EAEDF520072A91D /* README.md in Resources */ = {isa = PBXBuildFile; fileRef = 8FA38CAF2EAEDF490072A91D /* README.md */; };
/* End PBXBuildFile section */

/* Begin PBXContainerItemProxy section */
		8F52F6C92EAEBA6500E44284 /* PBXContainerItemProxy */ = {
			isa = PBXContainerItemProxy;
			containerPortal = 8F52F6372EADB3A300E44284 /* Project object */;
			proxyType = 1;
			remoteGlobalIDString = 8F52F63E2EADB3A300E44284;
			remoteInfo = "Delete Photos";
		};
		8F52F6D62EAEBA8000E44284 /* PBXContainerItemProxy */ = {
			isa = PBXContainerItemProxy;
			containerPortal = 8F52F6372EADB3A300E44284 /* Project object */;
			proxyType = 1;
			remoteGlobalIDString = 8F52F63E2EADB3A300E44284;
			remoteInfo = "Delete Photos";
		};
/* End PBXContainerItemProxy section */

/* Begin PBXFileReference section */
		8F52F63F2EADB3A300E44284 /* Delete Photos.app */ = {isa = PBXFileReference; explicitFileType = wrapper.application; includeInIndex = 0; path = "Delete Photos.app"; sourceTree = BUILT_PRODUCTS_DIR; };
		8F52F66B2EADD61C00E44284 /* icon.icon */ = {isa = PBXFileReference; lastKnownFileType = folder.iconcomposer.icon; path = icon.icon; sourceTree = "<group>"; };
		8F52F6C32EAEBA6500E44284 /* Delete Photos UI Tests.xctest */ = {isa = PBXFileReference; explicitFileType = wrapper.cfbundle; includeInIndex = 0; path = "Delete Photos UI Tests.xctest"; sourceTree = BUILT_PRODUCTS_DIR; };
		8F52F6D22EAEBA8000E44284 /* Delete Photos Tests.xctest */ = {isa = PBXFileReference; explicitFileType = wrapper.cfbundle; includeInIndex = 0; path = "Delete Photos Tests.xctest"; sourceTree = BUILT_PRODUCTS_DIR; };
		8FA38CAF2EAEDF490072A91D /* README.md */ = {isa = PBXFileReference; lastKnownFileType = net.daringfireball.markdown; path = README.md; sourceTree = "<group>"; };
/* End PBXFileReference section */

/* Begin PBXFileSystemSynchronizedRootGroup section */
		8F52F6412EADB3A300E44284 /* Delete Photos */ = {
			isa = PBXFileSystemSynchronizedRootGroup;
			path = "Delete Photos";
			sourceTree = "<group>";
		};
		8F52F6C42EAEBA6500E44284 /* Delete Photos UI Tests */ = {
			isa = PBXFileSystemSynchronizedRootGroup;
			path = "Delete Photos UI Tests";
			sourceTree = "<group>";
		};
		8F52F6D32EAEBA8000E44284 /* Delete Photos Tests */ = {
			isa = PBXFileSystemSynchronizedRootGroup;
			path = "Delete Photos Tests";
			sourceTree = "<group>";
		};
/* End PBXFileSystemSynchronizedRootGroup section */

/* Begin PBXFrameworksBuildPhase section */
		8F52F63C2EADB3A300E44284 /* Frameworks */ = {
			isa = PBXFrameworksBuildPhase;
			buildActionMask = 2147483647;
			files = (
			);
			runOnlyForDeploymentPostprocessing = 0;
		};
		8F52F6C02EAEBA6500E44284 /* Frameworks */ = {
			isa = PBXFrameworksBuildPhase;
			buildActionMask = 2147483647;
			files = (
			);
			runOnlyForDeploymentPostprocessing = 0;
		};
		8F52F6CF2EAEBA8000E44284 /* Frameworks */ = {
			isa = PBXFrameworksBuildPhase;
			buildActionMask = 2147483647;
			files = (
			);
			runOnlyForDeploymentPostprocessing = 0;
		};
/* End PBXFrameworksBuildPhase section */

/* Begin PBXGroup section */
		8F52F6362EADB3A300E44284 = {
			isa = PBXGroup;
			children = (
				8FA38CAF2EAEDF490072A91D /* README.md */,
				8F52F66B2EADD61C00E44284 /* icon.icon */,
				8F52F6412EADB3A300E44284 /* Delete Photos */,
				8F52F6C42EAEBA6500E44284 /* Delete Photos UI Tests */,
				8F52F6D32EAEBA8000E44284 /* Delete Photos Tests */,
				8F52F6402EADB3A300E44284 /* Products */,
			);
			sourceTree = "<group>";
		};
		8F52F6402EADB3A300E44284 /* Products */ = {
			isa = PBXGroup;
			children = (
				8F52F63F2EADB3A300E44284 /* Delete Photos.app */,
				8F52F6C32EAEBA6500E44284 /* Delete Photos UI Tests.xctest */,
				8F52F6D22EAEBA8000E44284 /* Delete Photos Tests.xctest */,
			);
			name = Products;
			sourceTree = "<group>";
		};
/* End PBXGroup section */

/* Begin PBXNativeTarget section */
		8F52F63E2EADB3A300E44284 /* Delete Photos */ = {
			isa = PBXNativeTarget;
			buildConfigurationList = 8F52F6602EADB3A500E44284 /* Build configuration list for PBXNativeTarget "Delete Photos" */;
			buildPhases = (
				8F52F63B2EADB3A300E44284 /* Sources */,
				8F52F63C2EADB3A300E44284 /* Frameworks */,
				8F52F63D2EADB3A300E44284 /* Resources */,
			);
			buildRules = (
			);
			dependencies = (
			);
			fileSystemSynchronizedGroups = (
				8F52F6412EADB3A300E44284 /* Delete Photos */,
			);
			name = "Delete Photos";
			packageProductDependencies = (
			);
			productName = "Delete Photos";
			productReference = 8F52F63F2EADB3A300E44284 /* Delete Photos.app */;
			productType = "com.apple.product-type.application";
		};
		8F52F6C22EAEBA6500E44284 /* Delete Photos UI Tests */ = {
			isa = PBXNativeTarget;
			buildConfigurationList = 8F52F6CB2EAEBA6500E44284 /* Build configuration list for PBXNativeTarget "Delete Photos UI Tests" */;
			buildPhases = (
				8F52F6BF2EAEBA6500E44284 /* Sources */,
				8F52F6C02EAEBA6500E44284 /* Frameworks */,
				8F52F6C12EAEBA6500E44284 /* Resources */,
			);
			buildRules = (
			);
			dependencies = (
				8F52F6CA2EAEBA6500E44284 /* PBXTargetDependency */,
			);
			fileSystemSynchronizedGroups = (
				8F52F6C42EAEBA6500E44284 /* Delete Photos UI Tests */,
			);
			name = "Delete Photos UI Tests";
			packageProductDependencies = (
			);
			productName = "Delete Photos UI Tests";
			productReference = 8F52F6C32EAEBA6500E44284 /* Delete Photos UI Tests.xctest */;
			productType = "com.apple.product-type.bundle.ui-testing";
		};
		8F52F6D12EAEBA8000E44284 /* Delete Photos Tests */ = {
			isa = PBXNativeTarget;
			buildConfigurationList = 8F52F6D82EAEBA8000E44284 /* Build configuration list for PBXNativeTarget "Delete Photos Tests" */;
			buildPhases = (
				8F52F6CE2EAEBA8000E44284 /* Sources */,
				8F52F6CF2EAEBA8000E44284 /* Frameworks */,
				8F52F6D02EAEBA8000E44284 /* Resources */,
			);
			buildRules = (
			);
			dependencies = (
				8F52F6D72EAEBA8000E44284 /* PBXTargetDependency */,
			);
			fileSystemSynchronizedGroups = (
				8F52F6D32EAEBA8000E44284 /* Delete Photos Tests */,
			);
			name = "Delete Photos Tests";
			packageProductDependencies = (
			);
			productName = "Delete Photos Tests";
			productReference = 8F52F6D22EAEBA8000E44284 /* Delete Photos Tests.xctest */;
			productType = "com.apple.product-type.bundle.unit-test";
		};
/* End PBXNativeTarget section */

/* Begin PBXProject section */
		8F52F6372EADB3A300E44284 /* Project object */ = {
			isa = PBXProject;
			attributes = {
				BuildIndependentTargetsInParallel = 1;
				LastSwiftUpdateCheck = 2600;
				LastUpgradeCheck = 2600;
				TargetAttributes = {
					8F52F63E2EADB3A300E44284 = {
						CreatedOnToolsVersion = 26.0.1;
					};
					8F52F6C22EAEBA6500E44284 = {
						CreatedOnToolsVersion = 26.0.1;
						TestTargetID = 8F52F63E2EADB3A300E44284;
					};
					8F52F6D12EAEBA8000E44284 = {
						CreatedOnToolsVersion = 26.0.1;
						TestTargetID = 8F52F63E2EADB3A300E44284;
					};
				};
			};
			buildConfigurationList = 8F52F63A2EADB3A300E44284 /* Build configuration list for PBXProject "Delete Photos" */;
			developmentRegion = en;
			hasScannedForEncodings = 0;
			knownRegions = (
				en,
				Base,
			);
			mainGroup = 8F52F6362EADB3A300E44284;
			minimizedProjectReferenceProxies = 1;
			preferredProjectObjectVersion = 77;
			productRefGroup = 8F52F6402EADB3A300E44284 /* Products */;
			projectDirPath = "";
			projectRoot = "";
			targets = (
				8F52F63E2EADB3A300E44284 /* Delete Photos */,
				8F52F6C22EAEBA6500E44284 /* Delete Photos UI Tests */,
				8F52F6D12EAEBA8000E44284 /* Delete Photos Tests */,
			);
		};
/* End PBXProject section */

/* Begin PBXResourcesBuildPhase section */
		8F52F63D2EADB3A300E44284 /* Resources */ = {
			isa = PBXResourcesBuildPhase;
			buildActionMask = 2147483647;
			files = (
				8FA38CB12EAEDF520072A91D /* README.md in Resources */,
				8F52F66C2EADD61C00E44284 /* icon.icon in Resources */,
			);
			runOnlyForDeploymentPostprocessing = 0;
		};
		8F52F6C12EAEBA6500E44284 /* Resources */ = {
			isa = PBXResourcesBuildPhase;
			buildActionMask = 2147483647;
			files = (
			);
			runOnlyForDeploymentPostprocessing = 0;
		};
		8F52F6D02EAEBA8000E44284 /* Resources */ = {
			isa = PBXResourcesBuildPhase;
			buildActionMask = 2147483647;
			files = (
			);
			runOnlyForDeploymentPostprocessing = 0;
		};
/* End PBXResourcesBuildPhase section */

/* Begin PBXSourcesBuildPhase section */
		8F52F63B2EADB3A300E44284 /* Sources */ = {
			isa = PBXSourcesBuildPhase;
			buildActionMask = 2147483647;
			files = (
			);
			runOnlyForDeploymentPostprocessing = 0;
		};
		8F52F6BF2EAEBA6500E44284 /* Sources */ = {
			isa = PBXSourcesBuildPhase;
			buildActionMask = 2147483647;
			files = (
			);
			runOnlyForDeploymentPostprocessing = 0;
		};
		8F52F6CE2EAEBA8000E44284 /* Sources */ = {
			isa = PBXSourcesBuildPhase;
			buildActionMask = 2147483647;
			files = (
			);
			runOnlyForDeploymentPostprocessing = 0;
		};
/* End PBXSourcesBuildPhase section */

/* Begin PBXTargetDependency section */
		8F52F6CA2EAEBA6500E44284 /* PBXTargetDependency */ = {
			isa = PBXTargetDependency;
			target = 8F52F63E2EADB3A300E44284 /* Delete Photos */;
			targetProxy = 8F52F6C92EAEBA6500E44284 /* PBXContainerItemProxy */;
		};
		8F52F6D72EAEBA8000E44284 /* PBXTargetDependency */ = {
			isa = PBXTargetDependency;
			target = 8F52F63E2EADB3A300E44284 /* Delete Photos */;
			targetProxy = 8F52F6D62EAEBA8000E44284 /* PBXContainerItemProxy */;
		};
/* End PBXTargetDependency section */

/* Begin XCBuildConfiguration section */
		8F52F65E2EADB3A500E44284 /* Debug */ = {
			isa = XCBuildConfiguration;
			buildSettings = {
				ALWAYS_SEARCH_USER_PATHS = NO;
				ASSETCATALOG_COMPILER_GENERATE_SWIFT_ASSET_SYMBOL_EXTENSIONS = YES;
				CLANG_ANALYZER_NONNULL = YES;
				CLANG_ANALYZER_NUMBER_OBJECT_CONVERSION = YES_AGGRESSIVE;
				CLANG_CXX_LANGUAGE_STANDARD = "gnu++20";
				CLANG_ENABLE_MODULES = YES;
				CLANG_ENABLE_OBJC_ARC = YES;
				CLANG_ENABLE_OBJC_WEAK = YES;
				CLANG_WARN_BLOCK_CAPTURE_AUTORELEASING = YES;
				CLANG_WARN_BOOL_CONVERSION = YES;
				CLANG_WARN_COMMA = YES;
				CLANG_WARN_CONSTANT_CONVERSION = YES;
				CLANG_WARN_DEPRECATED_OBJC_IMPLEMENTATIONS = YES;
				CLANG_WARN_DIRECT_OBJC_ISA_USAGE = YES_ERROR;
				CLANG_WARN_DOCUMENTATION_COMMENTS = YES;
				CLANG_WARN_EMPTY_BODY = YES;
				CLANG_WARN_ENUM_CONVERSION = YES;
				CLANG_WARN_INFINITE_RECURSION = YES;
				CLANG_WARN_INT_CONVERSION = YES;
				CLANG_WARN_NON_LITERAL_NULL_CONVERSION = YES;
				CLANG_WARN_OBJC_IMPLICIT_RETAIN_SELF = YES;
				CLANG_WARN_OBJC_LITERAL_CONVERSION = YES;
				CLANG_WARN_OBJC_ROOT_CLASS = YES_ERROR;
				CLANG_WARN_QUOTED_INCLUDE_IN_FRAMEWORK_HEADER = YES;
				CLANG_WARN_RANGE_LOOP_ANALYSIS = YES;
				CLANG_WARN_STRICT_PROTOTYPES = YES;
				CLANG_WARN_SUSPICIOUS_MOVE = YES;
				CLANG_WARN_UNGUARDED_AVAILABILITY = YES_AGGRESSIVE;
				CLANG_WARN_UNREACHABLE_CODE = YES;
				CLANG_WARN__DUPLICATE_METHOD_MATCH = YES;
				COPY_PHASE_STRIP = NO;
				DEBUG_INFORMATION_FORMAT = dwarf;
				DEVELOPMENT_TEAM = H9X2W7T5H7;
				ENABLE_STRICT_OBJC_MSGSEND = YES;
				ENABLE_TESTABILITY = YES;
				ENABLE_USER_SCRIPT_SANDBOXING = YES;
				GCC_C_LANGUAGE_STANDARD = gnu17;
				GCC_DYNAMIC_NO_PIC = NO;
				GCC_NO_COMMON_BLOCKS = YES;
				GCC_OPTIMIZATION_LEVEL = 0;
				GCC_PREPROCESSOR_DEFINITIONS = (
					"DEBUG=1",
					"$(inherited)",
				);
				GCC_WARN_64_TO_32_BIT_CONVERSION = YES;
				GCC_WARN_ABOUT_RETURN_TYPE = YES_ERROR;
				GCC_WARN_UNDECLARED_SELECTOR = YES;
				GCC_WARN_UNINITIALIZED_AUTOS = YES_AGGRESSIVE;
				GCC_WARN_UNUSED_FUNCTION = YES;
				GCC_WARN_UNUSED_VARIABLE = YES;
				IPHONEOS_DEPLOYMENT_TARGET = 26.0;
				LOCALIZATION_PREFERS_STRING_CATALOGS = YES;
				MTL_ENABLE_DEBUG_INFO = INCLUDE_SOURCE;
				MTL_FAST_MATH = YES;
				ONLY_ACTIVE_ARCH = YES;
				SDKROOT = iphoneos;
				SWIFT_ACTIVE_COMPILATION_CONDITIONS = "DEBUG $(inherited)";
				SWIFT_OPTIMIZATION_LEVEL = "-Onone";
			};
			name = Debug;
		};
		8F52F65F2EADB3A500E44284 /* Release */ = {
			isa = XCBuildConfiguration;
			buildSettings = {
				ALWAYS_SEARCH_USER_PATHS = NO;
				ASSETCATALOG_COMPILER_GENERATE_SWIFT_ASSET_SYMBOL_EXTENSIONS = YES;
				CLANG_ANALYZER_NONNULL = YES;
				CLANG_ANALYZER_NUMBER_OBJECT_CONVERSION = YES_AGGRESSIVE;
				CLANG_CXX_LANGUAGE_STANDARD = "gnu++20";
				CLANG_ENABLE_MODULES = YES;
				CLANG_ENABLE_OBJC_ARC = YES;
				CLANG_ENABLE_OBJC_WEAK = YES;
				CLANG_WARN_BLOCK_CAPTURE_AUTORELEASING = YES;
				CLANG_WARN_BOOL_CONVERSION = YES;
				CLANG_WARN_COMMA = YES;
				CLANG_WARN_CONSTANT_CONVERSION = YES;
				CLANG_WARN_DEPRECATED_OBJC_IMPLEMENTATIONS = YES;
				CLANG_WARN_DIRECT_OBJC_ISA_USAGE = YES_ERROR;
				CLANG_WARN_DOCUMENTATION_COMMENTS = YES;
				CLANG_WARN_EMPTY_BODY = YES;
				CLANG_WARN_ENUM_CONVERSION = YES;
				CLANG_WARN_INFINITE_RECURSION = YES;
				CLANG_WARN_INT_CONVERSION = YES;
				CLANG_WARN_NON_LITERAL_NULL_CONVERSION = YES;
				CLANG_WARN_OBJC_IMPLICIT_RETAIN_SELF = YES;
				CLANG_WARN_OBJC_LITERAL_CONVERSION = YES;
				CLANG_WARN_OBJC_ROOT_CLASS = YES_ERROR;
				CLANG_WARN_QUOTED_INCLUDE_IN_FRAMEWORK_HEADER = YES;
				CLANG_WARN_RANGE_LOOP_ANALYSIS = YES;
				CLANG_WARN_STRICT_PROTOTYPES = YES;
				CLANG_WARN_SUSPICIOUS_MOVE = YES;
				CLANG_WARN_UNGUARDED_AVAILABILITY = YES_AGGRESSIVE;
				CLANG_WARN_UNREACHABLE_CODE = YES;
				CLANG_WARN__DUPLICATE_METHOD_MATCH = YES;
				COPY_PHASE_STRIP = NO;
				DEBUG_INFORMATION_FORMAT = "dwarf-with-dsym";
				DEVELOPMENT_TEAM = H9X2W7T5H7;
				ENABLE_NS_ASSERTIONS = NO;
				ENABLE_STRICT_OBJC_MSGSEND = YES;
				ENABLE_USER_SCRIPT_SANDBOXING = YES;
				GCC_C_LANGUAGE_STANDARD = gnu17;
				GCC_NO_COMMON_BLOCKS = YES;
				GCC_WARN_64_TO_32_BIT_CONVERSION = YES;
				GCC_WARN_ABOUT_RETURN_TYPE = YES_ERROR;
				GCC_WARN_UNDECLARED_SELECTOR = YES;
				GCC_WARN_UNINITIALIZED_AUTOS = YES_AGGRESSIVE;
				GCC_WARN_UNUSED_FUNCTION = YES;
				GCC_WARN_UNUSED_VARIABLE = YES;
				IPHONEOS_DEPLOYMENT_TARGET = 26.0;
				LOCALIZATION_PREFERS_STRING_CATALOGS = YES;
				MTL_ENABLE_DEBUG_INFO = NO;
				MTL_FAST_MATH = YES;
				SDKROOT = iphoneos;
				SWIFT_COMPILATION_MODE = wholemodule;
				VALIDATE_PRODUCT = YES;
			};
			name = Release;
		};
		8F52F6612EADB3A500E44284 /* Debug */ = {
			isa = XCBuildConfiguration;
			buildSettings = {
				ASSETCATALOG_COMPILER_APPICON_NAME = icon;
				ASSETCATALOG_COMPILER_GLOBAL_ACCENT_COLOR_NAME = AccentColor;
				CODE_SIGN_STYLE = Automatic;
				CURRENT_PROJECT_VERSION = 1;
				DEVELOPMENT_TEAM = H9X2W7T5H7;
				ENABLE_PREVIEWS = YES;
				GENERATE_INFOPLIST_FILE = YES;
				INFOPLIST_KEY_CFBundleDisplayName = "Swipe Delete";
				INFOPLIST_KEY_LSApplicationCategoryType = "public.app-category.utilities";
				INFOPLIST_KEY_NSPhotoLibraryAddUsageDescription = "This app needs permission to modify or delete selected photos.";
				INFOPLIST_KEY_NSPhotoLibraryUsageDescription = "This app needs access to your photos to view and manage them.";
				INFOPLIST_KEY_UIApplicationSceneManifest_Generation = YES;
				INFOPLIST_KEY_UIApplicationSupportsIndirectInputEvents = YES;
				INFOPLIST_KEY_UILaunchScreen_Generation = YES;
				INFOPLIST_KEY_UIStatusBarStyle = "";
				INFOPLIST_KEY_UISupportedInterfaceOrientations_iPad = "UIInterfaceOrientationPortrait UIInterfaceOrientationPortraitUpsideDown UIInterfaceOrientationLandscapeLeft UIInterfaceOrientationLandscapeRight";
				INFOPLIST_KEY_UISupportedInterfaceOrientations_iPhone = "UIInterfaceOrientationPortrait UIInterfaceOrientationLandscapeLeft UIInterfaceOrientationLandscapeRight";
				LD_RUNPATH_SEARCH_PATHS = (
					"$(inherited)",
					"@executable_path/Frameworks",
				);
				MARKETING_VERSION = 1.0;
				PRODUCT_BUNDLE_IDENTIFIER = "bobjoerules.Delete-Photos";
				PRODUCT_NAME = "$(TARGET_NAME)";
				STRING_CATALOG_GENERATE_SYMBOLS = YES;
				SWIFT_APPROACHABLE_CONCURRENCY = YES;
				SWIFT_DEFAULT_ACTOR_ISOLATION = MainActor;
				SWIFT_EMIT_LOC_STRINGS = YES;
				SWIFT_UPCOMING_FEATURE_MEMBER_IMPORT_VISIBILITY = YES;
				SWIFT_VERSION = 5.0;
				TARGETED_DEVICE_FAMILY = "1,2";
			};
			name = Debug;
		};
		8F52F6622EADB3A500E44284 /* Release */ = {
			isa = XCBuildConfiguration;
			buildSettings = {
				ASSETCATALOG_COMPILER_APPICON_NAME = icon;
				ASSETCATALOG_COMPILER_GLOBAL_ACCENT_COLOR_NAME = AccentColor;
				CODE_SIGN_STYLE = Automatic;
				CURRENT_PROJECT_VERSION = 1;
				DEVELOPMENT_TEAM = H9X2W7T5H7;
				ENABLE_PREVIEWS = YES;
				GENERATE_INFOPLIST_FILE = YES;
				INFOPLIST_KEY_CFBundleDisplayName = "Swipe Delete";
				INFOPLIST_KEY_LSApplicationCategoryType = "public.app-category.utilities";
				INFOPLIST_KEY_NSPhotoLibraryAddUsageDescription = "This app needs permission to modify or delete selected photos.";
				INFOPLIST_KEY_NSPhotoLibraryUsageDescription = "This app needs access to your photos to view and manage them.";
				INFOPLIST_KEY_UIApplicationSceneManifest_Generation = YES;
				INFOPLIST_KEY_UIApplicationSupportsIndirectInputEvents = YES;
				INFOPLIST_KEY_UILaunchScreen_Generation = YES;
				INFOPLIST_KEY_UIStatusBarStyle = "";
				INFOPLIST_KEY_UISupportedInterfaceOrientations_iPad = "UIInterfaceOrientationPortrait UIInterfaceOrientationPortraitUpsideDown UIInterfaceOrientationLandscapeLeft UIInterfaceOrientationLandscapeRight";
				INFOPLIST_KEY_UISupportedInterfaceOrientations_iPhone = "UIInterfaceOrientationPortrait UIInterfaceOrientationLandscapeLeft UIInterfaceOrientationLandscapeRight";
				LD_RUNPATH_SEARCH_PATHS = (
					"$(inherited)",
					"@executable_path/Frameworks",
				);
				MARKETING_VERSION = 1.0;
				PRODUCT_BUNDLE_IDENTIFIER = "bobjoerules.Delete-Photos";
				PRODUCT_NAME = "$(TARGET_NAME)";
				STRING_CATALOG_GENERATE_SYMBOLS = YES;
				SWIFT_APPROACHABLE_CONCURRENCY = YES;
				SWIFT_DEFAULT_ACTOR_ISOLATION = MainActor;
				SWIFT_EMIT_LOC_STRINGS = YES;
				SWIFT_UPCOMING_FEATURE_MEMBER_IMPORT_VISIBILITY = YES;
				SWIFT_VERSION = 5.0;
				TARGETED_DEVICE_FAMILY = "1,2";
			};
			name = Release;
		};
		8F52F6CC2EAEBA6500E44284 /* Debug */ = {
			isa = XCBuildConfiguration;
			buildSettings = {
				CODE_SIGN_STYLE = Automatic;
				CURRENT_PROJECT_VERSION = 1;
				DEVELOPMENT_TEAM = H9X2W7T5H7;
				GENERATE_INFOPLIST_FILE = YES;
				MARKETING_VERSION = 1.0;
				PRODUCT_BUNDLE_IDENTIFIER = "bobjoerules.Delete-Photos-UI-Tests";
				PRODUCT_NAME = "$(TARGET_NAME)";
				STRING_CATALOG_GENERATE_SYMBOLS = NO;
				SWIFT_APPROACHABLE_CONCURRENCY = YES;
				SWIFT_EMIT_LOC_STRINGS = NO;
				SWIFT_UPCOMING_FEATURE_MEMBER_IMPORT_VISIBILITY = YES;
				SWIFT_VERSION = 5.0;
				TARGETED_DEVICE_FAMILY = "1,2";
				TEST_TARGET_NAME = "Delete Photos";
			};
			name = Debug;
		};
		8F52F6CD2EAEBA6500E44284 /* Release */ = {
			isa = XCBuildConfiguration;
			buildSettings = {
				CODE_SIGN_STYLE = Automatic;
				CURRENT_PROJECT_VERSION = 1;
				DEVELOPMENT_TEAM = H9X2W7T5H7;
				GENERATE_INFOPLIST_FILE = YES;
				MARKETING_VERSION = 1.0;
				PRODUCT_BUNDLE_IDENTIFIER = "bobjoerules.Delete-Photos-UI-Tests";
				PRODUCT_NAME = "$(TARGET_NAME)";
				STRING_CATALOG_GENERATE_SYMBOLS = NO;
				SWIFT_APPROACHABLE_CONCURRENCY = YES;
				SWIFT_EMIT_LOC_STRINGS = NO;
				SWIFT_UPCOMING_FEATURE_MEMBER_IMPORT_VISIBILITY = YES;
				SWIFT_VERSION = 5.0;
				TARGETED_DEVICE_FAMILY = "1,2";
				TEST_TARGET_NAME = "Delete Photos";
			};
			name = Release;
		};
		8F52F6D92EAEBA8000E44284 /* Debug */ = {
			isa = XCBuildConfiguration;
			buildSettings = {
				BUNDLE_LOADER = "$(TEST_HOST)";
				CODE_SIGN_STYLE = Automatic;
				CURRENT_PROJECT_VERSION = 1;
				DEVELOPMENT_TEAM = H9X2W7T5H7;
				GENERATE_INFOPLIST_FILE = YES;
				MARKETING_VERSION = 1.0;
				PRODUCT_BUNDLE_IDENTIFIER = "bobjoerules.Delete-Photos-Tests";
				PRODUCT_NAME = "$(TARGET_NAME)";
				STRING_CATALOG_GENERATE_SYMBOLS = NO;
				SWIFT_APPROACHABLE_CONCURRENCY = YES;
				SWIFT_EMIT_LOC_STRINGS = NO;
				SWIFT_UPCOMING_FEATURE_MEMBER_IMPORT_VISIBILITY = YES;
				SWIFT_VERSION = 5.0;
				TARGETED_DEVICE_FAMILY = "1,2";
				TEST_HOST = "$(BUILT_PRODUCTS_DIR)/Delete Photos.app/$(BUNDLE_EXECUTABLE_FOLDER_PATH)/Delete Photos";
			};
			name = Debug;
		};
		8F52F6DA2EAEBA8000E44284 /* Release */ = {
			isa = XCBuildConfiguration;
			buildSettings = {
				BUNDLE_LOADER = "$(TEST_HOST)";
				CODE_SIGN_STYLE = Automatic;
				CURRENT_PROJECT_VERSION = 1;
				DEVELOPMENT_TEAM = H9X2W7T5H7;
				GENERATE_INFOPLIST_FILE = YES;
				MARKETING_VERSION = 1.0;
				PRODUCT_BUNDLE_IDENTIFIER = "bobjoerules.Delete-Photos-Tests";
				PRODUCT_NAME = "$(TARGET_NAME)";
				STRING_CATALOG_GENERATE_SYMBOLS = NO;
				SWIFT_APPROACHABLE_CONCURRENCY = YES;
				SWIFT_EMIT_LOC_STRINGS = NO;
				SWIFT_UPCOMING_FEATURE_MEMBER_IMPORT_VISIBILITY = YES;
				SWIFT_VERSION = 5.0;
				TARGETED_DEVICE_FAMILY = "1,2";
				TEST_HOST = "$(BUILT_PRODUCTS_DIR)/Delete Photos.app/$(BUNDLE_EXECUTABLE_FOLDER_PATH)/Delete Photos";
			};
			name = Release;
		};
/* End XCBuildConfiguration section */

/* Begin XCConfigurationList section */
		8F52F63A2EADB3A300E44284 /* Build configuration list for PBXProject "Delete Photos" */ = {
			isa = XCConfigurationList;
			buildConfigurations = (
				8F52F65E2EADB3A500E44284 /* Debug */,
				8F52F65F2EADB3A500E44284 /* Release */,
			);
			defaultConfigurationIsVisible = 0;
			defaultConfigurationName = Release;
		};
		8F52F6602EADB3A500E44284 /* Build configuration list for PBXNativeTarget "Delete Photos" */ = {
			isa = XCConfigurationList;
			buildConfigurations = (
				8F52F6612EADB3A500E44284 /* Debug */,
				8F52F6622EADB3A500E44284 /* Release */,
			);
			defaultConfigurationIsVisible = 0;
			defaultConfigurationName = Release;
		};
		8F52F6CB2EAEBA6500E44284 /* Build configuration list for PBXNativeTarget "Delete Photos UI Tests" */ = {
			isa = XCConfigurationList;
			buildConfigurations = (
				8F52F6CC2EAEBA6500E44284 /* Debug */,
				8F52F6CD2EAEBA6500E44284 /* Release */,
			);
			defaultConfigurationIsVisible = 0;
			defaultConfigurationName = Release;
		};
		8F52F6D82EAEBA8000E44284 /* Build configuration list for PBXNativeTarget "Delete Photos Tests" */ = {
			isa = XCConfigurationList;
			buildConfigurations = (
				8F52F6D92EAEBA8000E44284 /* Debug */,
				8F52F6DA2EAEBA8000E44284 /* Release */,
			);
			defaultConfigurationIsVisible = 0;
			defaultConfigurationName = Release;
		};
/* End XCConfigurationList section */
	};
	rootObject = 8F52F6372EADB3A300E44284 /* Project object */;
}
